git.foxminded.ua/foxstudent106270/telegramapi.git v0.0.0-20231218170048-8d2cca03baf5 h1:rk71VdHgl9CqyHeWVmKekZiCREbIExBR+d0fjSrShUE=
git.foxminded.ua/foxstudent106270/telegramapi.git v0.0.0-20231218170048-8d2cca03baf5/go.mod h1:NZOxdnuPIozYX5tdk7UAdeMwicmVfYRbQ0IP+uMNNy0=
git.foxminded.ua/foxstudent106270/telegramapi.git v0.0.0-20231221194530-bc8d121257db h1:QwXOnGubDCdM0Cm9Xj3OaImJL8GEcUkx79YM4Ufyyhg=
git.foxminded.ua/foxstudent106270/telegramapi.git v0.0.0-20231221194530-bc8d121257db/go.mod h1:NZOxdnuPIozYX5tdk7UAdeMwicmVfYRbQ0IP+uMNNy0=
git.foxminded.ua/foxstudent106270/telegramapi.git v0.0.0-20231221201745-32bb1af58e65 h1:KGXMI5M4T07aKQ7INjEJkb3Dga2N8AHI52BhkjezR4k=
git.foxminded.ua/foxstudent106270/telegramapi.git v0.0.0-20231221201745-32bb1af58e65/go.mod h1:NZOxdnuPIozYX5tdk7UAdeMwicmVfYRbQ0IP+uMNNy0=
git.foxminded.ua/foxstudent106270/telegramapi.git v0.0.0-20231222151853-c2772ed3065a h1:IyR7irjoRelSI6/tXoOAkDLsfU2P86CRBI5UiifiWjI=
git.foxminded.ua/foxstudent106270/telegramapi.git v0.0.0-20231222151853-c2772ed3065a/go.mod h1:NZOxdnuPIozYX5tdk7UAdeMwicmVfYRbQ0IP+uMNNy0=
git.foxminded.ua/foxstudent106270/telegramapi.git v0.0.0-20231222161620-6ee394e8920f h1:b/dCQ9754yhAyiPDXLM3xAhZF075gfRv5Iw469Fo4pY=
git.foxminded.ua/foxstudent106270/telegramapi.git v0.0.0-20231222161620-6ee394e8920f/go.mod h1:NZOxdnuPIozYX5tdk7UAdeMwicmVfYRbQ0IP+uMNNy0=
git.foxminded.ua/foxstudent106270/telegramapi.git v0.0.0-20231222162634-f9c33042335f h1:rEbYIJ1p57HMqsf9az6nmHcjv1af7JQ2+cXmTlMyd4o=
git.foxminded.ua/foxstudent106270/telegramapi.git v0.0.0-20231222162634-f9c33042335f/go.mod h1:NZOxdnuPIozYX5tdk7UAdeMwicmVfYRbQ0IP+uMNNy0=
git.foxminded.ua/foxstudent106270/telegramapi.git v0.0.0-20231222163748-b6909a5e917f h1:tMrQPRQJNzSwe/0jyMA2rzdkmy8gKsE4bSEcjBflmlM=
git.foxminded.ua/foxstudent106270/telegramapi.git v0.0.0-20231222163748-b6909a5e917f/go.mod h1:NZOxdnuPIozYX5tdk7UAdeMwicmVfYRbQ0IP+uMNNy0=
git.foxminded.ua/foxstudent106270/telegramapi.git v0.0.0-20231222174223-9ca9b520c2d7 h1:W1zyy4Id8XbnW4YVVHocoHnYM0pAdVWPr6NiuHxqVu0=
git.foxminded.ua/foxstudent106270/telegramapi.git v0.0.0-20231222174223-9ca9b520c2d7/go.mod h1:NZOxdnuPIozYX5tdk7UAdeMwicmVfYRbQ0IP+uMNNy0=
git.foxminded.ua/foxstudent106270/telegramapi.git v0.0.0-20231222184240-f0065d3004a1 h1:VHcMFgOvAAxBvAFs6D2GjVP9cpukZOd5rnhDceE4jEg=
git.foxminded.ua/foxstudent106270/telegramapi.git v0.0.0-20231222184240-f0065d3004a1/go.mod h1:NZOxdnuPIozYX5tdk7UAdeMwicmVfYRbQ0IP+uMNNy0=
git.foxminded.ua/foxstudent106270/telegramapi.git v0.0.0-20231222185011-b3928c668884 h1:WGu5AoYRMGy/NTZa0IZnK8owE2gOYlFsTbdCu+EVH6k=
git.foxminded.ua/foxstudent106270/telegramapi.git v0.0.0-20231222185011-b3928c668884/go.mod h1:NZOxdnuPIozYX5tdk7UAdeMwicmVfYRbQ0IP+uMNNy0=
git.foxminded.ua/foxstudent106270/telegramapi.git v0.0.0-20231222185625-fcfc59f2d4f9 h1:+czRV23FHZjae3dLdfc6dK8bKuafuL33/8kGdAUhDw8=
git.foxminded.ua/foxstudent106270/telegramapi.git v0.0.0-20231222185625-fcfc59f2d4f9/go.mod h1:NZOxdnuPIozYX5tdk7UAdeMwicmVfYRbQ0IP+uMNNy0=
git.foxminded.ua/foxstudent106270/telegramapi.git v0.0.0-20231226143546-2bfbe2562ec2 h1:muEOv5lUVZ2eDLI4kgjWlMSwfHsmuzfisM1uC54weeA=
git.foxminded.ua/foxstudent106270/telegramapi.git v0.0.0-20231226143546-2bfbe2562ec2/go.mod h1:NZOxdnuPIozYX5tdk7UAdeMwicmVfYRbQ0IP+uMNNy0=
github.com/c1kzy/Telegram-API v0.0.0-20240104140824-602b031e83a1 h1:cdDucSyTBHZXGJJGaUthCBeaXKU7Kxt8zKI85kHbwoQ=
github.com/c1kzy/Telegram-API v0.0.0-20240104140824-602b031e83a1/go.mod h1:oBip5j6DtcB7oZQMX0nHqdjOUoKCyRK3tfhyciHIS20=
github.com/caarlos0/env/v10 v10.0.0 h1:yIHUBZGsyqCnpTkbjk8asUlx6RFhhEs+h7TOBdgdzXA=
github.com/caarlos0/env/v10 v10.0.0/go.mod h1:ZfulV76NvVPw3tm591U4SwL3Xx9ldzBP9aGxzeN7G18=
github.com/davecgh/go-spew v1.1.1 h1:vj9j/u1bqnvCEfJOwUhtlOARqs3+rkHYY13jYWTU97c=
github.com/davecgh/go-spew v1.1.1/go.mod h1:J7Y8YcW2NihsgmVo/mv3lAwl/skON4iLHjSsI+c5H38=
github.com/joho/godotenv v1.5.1 h1:7eLL/+HRGLY0ldzfGMeQkb7vMd0as4CfYvUVzLqw0N0=
github.com/joho/godotenv v1.5.1/go.mod h1:f4LDr5Voq0i2e/R5DDNOoa2zzDfwtkZa6DnEwAbqwq4=
github.com/phuslu/log v1.0.88 h1:kivXMpYQ2hd9BxiJNhRM5xnaEZaGunQYlnRQdk/aBw8=
github.com/phuslu/log v1.0.88/go.mod h1:F8osGJADo5qLK/0F88djWwdyoZZ9xDJQL1HYRHFEkS0=
github.com/pmezard/go-difflib v1.0.0 h1:4DBwDE0NGyQoBHbLQYPwSUPoCMWR5BEzIk/f1lZbAQM=
github.com/pmezard/go-difflib v1.0.0/go.mod h1:iKH77koFhYxTK1pcRnkKkqfTogsbg7gZNVY4sRDYZ/4=
github.com/stretchr/testify v1.8.4 h1:CcVxjf3Q8PM0mHUKJCdn+eZZtm5yQwehR5yeSVQQcUk=
github.com/stretchr/testify v1.8.4/go.mod h1:sz/lmYIOXD/1dqDmKjjqLyZ2RngseejIcXlSw2iwfAo=
github.com/zsefvlol/timezonemapper v1.0.0 h1:HXqkOzf01gXYh2nDQcDSROikFgMaximnhE8BY9SyF6E=
github.com/zsefvlol/timezonemapper v1.0.0/go.mod h1:cVUCOLEmc/VvOMusEhpd2G/UBtadL26ZVz2syODXDoQ=
golang.org/x/text v0.14.0 h1:ScX5w1eTa3QqT8oi6+ziP7dTV1S2+ALU0bI+0zXKWiQ=
golang.org/x/text v0.14.0/go.mod h1:18ZOQIKpY8NJVqYksKHtTdi31H5itFRjB5/qKTNYzSU=
gopkg.in/check.v1 v0.0.0-20161208181325-20d25e280405/go.mod h1:Co6ibVJAznAaIkqp8huTwlJQCZ016jof/cbN4VW5Yz0=
gopkg.in/yaml.v3 v3.0.1 h1:fxVm/GzAzEWqLHuvctI91KS9hhNmmWOoWu0XTYJS7CA=
gopkg.in/yaml.v3 v3.0.1/go.mod h1:K4uyk7z7BCEPqu6E+C64Yfv1cQ7kz7rIZviUmN+EgEM=
